// !$*UTF8*$!
{
	archiveVersion = 1;
	classes = {
	};
	objectVersion = 46;
	objects = {

/* Begin PBXBuildFile section */
		5D2E8FF81C89C9C80062A2F2 /* fakereceipt.png in Resources */ = {isa = PBXBuildFile; fileRef = 5D2E8FF71C89C9C80062A2F2 /* fakereceipt.png */; };
		5D8C3E1E1C7743BF000671E8 /* libxml2.tbd in Frameworks */ = {isa = PBXBuildFile; fileRef = 5D8C3E1D1C7743BF000671E8 /* libxml2.tbd */; };
		75AF73EE1D75BAA800E1715E /* BarCodeScannerIOS.m in Sources */ = {isa = PBXBuildFile; fileRef = 75AF73ED1D75BAA800E1715E /* BarCodeScannerIOS.m */; };
		B3A65406B0037D077590FA1F /* libPods-AcceptDemo.a in Frameworks */ = {isa = PBXBuildFile; fileRef = C5CC115F2B77F3860D95104D /* libPods-AcceptDemo.a */; };
		C00069B41CC0CC71008AFA15 /* libPods-AcceptDemo.a in Frameworks */ = {isa = PBXBuildFile; fileRef = C5CC115F2B77F3860D95104D /* libPods-AcceptDemo.a */; };
		C00069B71CC0CC71008AFA15 /* libKissXML.a in Frameworks */ = {isa = PBXBuildFile; fileRef = C00069B51CC0CC71008AFA15 /* libKissXML.a */; };
		C00069B81CC0CC71008AFA15 /* libZipArchive.a in Frameworks */ = {isa = PBXBuildFile; fileRef = C00069B61CC0CC71008AFA15 /* libZipArchive.a */; };
		C035518B1AEA3A0D001AB769 /* LaunchScreen.xib in Resources */ = {isa = PBXBuildFile; fileRef = C0C63FFE1AE9321D007A6D1A /* LaunchScreen.xib */; };
		C035518C1AEA3A0D001AB769 /* Main.storyboard in Resources */ = {isa = PBXBuildFile; fileRef = C0C640001AE9321D007A6D1A /* Main.storyboard */; };
		C035518D1AEA3A0D001AB769 /* Images.xcassets in Resources */ = {isa = PBXBuildFile; fileRef = C0C640041AE9321D007A6D1A /* Images.xcassets */; };
		C035518E1AEA3A0D001AB769 /* logo.png in Resources */ = {isa = PBXBuildFile; fileRef = C0C6401A1AE9321D007A6D1A /* logo.png */; };
		C035518F1AEA3A0D001AB769 /* signature_sample.png in Resources */ = {isa = PBXBuildFile; fileRef = C0C640201AE9321D007A6D1A /* signature_sample.png */; };
		C0398E2D1B0DAB5000667215 /* accept.conf in Resources */ = {isa = PBXBuildFile; fileRef = C0398E2C1B0DAB5000667215 /* accept.conf */; };
		C05089EB1BBD5A2E00E30786 /* Tests.m in Sources */ = {isa = PBXBuildFile; fileRef = 6003F5BB195388D20070C39A /* Tests.m */; };
		C05A1CC11AEA2E540022CC34 /* AppDelegate.m in Sources */ = {isa = PBXBuildFile; fileRef = C0C63FFD1AE9321D007A6D1A /* AppDelegate.m */; };
		C05A1CC21AEA2E540022CC34 /* main.m in Sources */ = {isa = PBXBuildFile; fileRef = C0C6401B1AE9321D007A6D1A /* main.m */; };
		C05A1CC31AEA2E540022CC34 /* PaymentViewController.m in Sources */ = {isa = PBXBuildFile; fileRef = C0C6401D1AE9321D007A6D1A /* PaymentViewController.m */; };
		C05A1CC41AEA2E540022CC34 /* RequestViewController.m in Sources */ = {isa = PBXBuildFile; fileRef = C0C6401F1AE9321D007A6D1A /* RequestViewController.m */; };
		C05A1CC51AEA2E540022CC34 /* UserViewController.m in Sources */ = {isa = PBXBuildFile; fileRef = C0C640221AE9321D007A6D1A /* UserViewController.m */; };
		C05A1CC61AEA2E540022CC34 /* Utils.m in Sources */ = {isa = PBXBuildFile; fileRef = C0C640241AE9321D007A6D1A /* Utils.m */; };
		F928E08ADBB47DCA82BFC681 /* libPods-Tests.a in Frameworks */ = {isa = PBXBuildFile; fileRef = D979734EB377EE6AAF826E9E /* libPods-Tests.a */; };
/* End PBXBuildFile section */

/* Begin PBXContainerItemProxy section */
		C05089E61BBD599200E30786 /* PBXContainerItemProxy */ = {
			isa = PBXContainerItemProxy;
			containerPortal = 6003F582195388D10070C39A /* Project object */;
			proxyType = 1;
			remoteGlobalIDString = C0C640381AE93287007A6D1A;
			remoteInfo = AcceptDemo;
		};
/* End PBXContainerItemProxy section */

/* Begin PBXFileReference section */
		0999E315A403CCE798FE5985 /* README.md */ = {isa = PBXFileReference; includeInIndex = 1; lastKnownFileType = net.daringfireball.markdown; name = README.md; path = ../README.md; sourceTree = "<group>"; };
		1791F71B422FFDAF011CE949 /* libPods.a */ = {isa = PBXFileReference; explicitFileType = archive.ar; includeInIndex = 0; path = libPods.a; sourceTree = BUILT_PRODUCTS_DIR; };
		4B555BE22EF2608AA76245EE /* Pods-AcceptDemo.release.xcconfig */ = {isa = PBXFileReference; includeInIndex = 1; lastKnownFileType = text.xcconfig; name = "Pods-AcceptDemo.release.xcconfig"; path = "Pods/Target Support Files/Pods-AcceptDemo/Pods-AcceptDemo.release.xcconfig"; sourceTree = "<group>"; };
		53FD9A139980ECD2DCC95B76 /* Pods-Tests.release.xcconfig */ = {isa = PBXFileReference; includeInIndex = 1; lastKnownFileType = text.xcconfig; name = "Pods-Tests.release.xcconfig"; path = "Pods/Target Support Files/Pods-Tests/Pods-Tests.release.xcconfig"; sourceTree = "<group>"; };
		5D2E8FF71C89C9C80062A2F2 /* fakereceipt.png */ = {isa = PBXFileReference; lastKnownFileType = image.png; path = fakereceipt.png; sourceTree = "<group>"; };
		5D8C3E1D1C7743BF000671E8 /* libxml2.tbd */ = {isa = PBXFileReference; lastKnownFileType = "sourcecode.text-based-dylib-definition"; name = libxml2.tbd; path = usr/lib/libxml2.tbd; sourceTree = SDKROOT; };
		6003F58A195388D20070C39A /* acceptSDK.app */ = {isa = PBXFileReference; explicitFileType = wrapper.application; includeInIndex = 0; path = acceptSDK.app; sourceTree = BUILT_PRODUCTS_DIR; };
		6003F58D195388D20070C39A /* Foundation.framework */ = {isa = PBXFileReference; lastKnownFileType = wrapper.framework; name = Foundation.framework; path = System/Library/Frameworks/Foundation.framework; sourceTree = SDKROOT; };
		6003F58F195388D20070C39A /* CoreGraphics.framework */ = {isa = PBXFileReference; lastKnownFileType = wrapper.framework; name = CoreGraphics.framework; path = System/Library/Frameworks/CoreGraphics.framework; sourceTree = SDKROOT; };
		6003F591195388D20070C39A /* UIKit.framework */ = {isa = PBXFileReference; lastKnownFileType = wrapper.framework; name = UIKit.framework; path = System/Library/Frameworks/UIKit.framework; sourceTree = SDKROOT; };
		6003F5AF195388D20070C39A /* XCTest.framework */ = {isa = PBXFileReference; lastKnownFileType = wrapper.framework; name = XCTest.framework; path = Library/Frameworks/XCTest.framework; sourceTree = DEVELOPER_DIR; };
		6003F5B7195388D20070C39A /* Tests-Info.plist */ = {isa = PBXFileReference; lastKnownFileType = text.plist.xml; path = "Tests-Info.plist"; sourceTree = "<group>"; };
		6003F5B9195388D20070C39A /* en */ = {isa = PBXFileReference; lastKnownFileType = text.plist.strings; name = en; path = en.lproj/InfoPlist.strings; sourceTree = "<group>"; };
		6003F5BB195388D20070C39A /* Tests.m */ = {isa = PBXFileReference; lastKnownFileType = sourcecode.c.objc; path = Tests.m; sourceTree = "<group>"; };
		606FC2411953D9B200FFA9A0 /* Tests-Prefix.pch */ = {isa = PBXFileReference; lastKnownFileType = sourcecode.c.h; path = "Tests-Prefix.pch"; sourceTree = "<group>"; };
		75AF73EC1D75BAA800E1715E /* BarCodeScannerIOS.h */ = {isa = PBXFileReference; fileEncoding = 4; lastKnownFileType = sourcecode.c.h; path = BarCodeScannerIOS.h; sourceTree = "<group>"; };
		75AF73ED1D75BAA800E1715E /* BarCodeScannerIOS.m */ = {isa = PBXFileReference; fileEncoding = 4; lastKnownFileType = sourcecode.c.objc; path = BarCodeScannerIOS.m; sourceTree = "<group>"; };
		8F9185071A57193311D898BA /* acceptSDK.podspec */ = {isa = PBXFileReference; includeInIndex = 1; lastKnownFileType = text; name = acceptSDK.podspec; path = ../acceptSDK.podspec; sourceTree = "<group>"; };
		B97903831D5852EEEDBECFC6 /* Pods-Tests.debug.xcconfig */ = {isa = PBXFileReference; includeInIndex = 1; lastKnownFileType = text.xcconfig; name = "Pods-Tests.debug.xcconfig"; path = "Pods/Target Support Files/Pods-Tests/Pods-Tests.debug.xcconfig"; sourceTree = "<group>"; };
		C00069B51CC0CC71008AFA15 /* libKissXML.a */ = {isa = PBXFileReference; lastKnownFileType = archive.ar; name = libKissXML.a; path = "../../../Library/Developer/Xcode/DerivedData/acceptSDK-alpgafihjlddeiereyndvoqbvzyz/Build/Products/Debug-iphoneos/libKissXML.a"; sourceTree = "<group>"; };
		C00069B61CC0CC71008AFA15 /* libZipArchive.a */ = {isa = PBXFileReference; lastKnownFileType = archive.ar; name = libZipArchive.a; path = "../../../Library/Developer/Xcode/DerivedData/acceptSDK-alpgafihjlddeiereyndvoqbvzyz/Build/Products/Debug-iphoneos/libZipArchive.a"; sourceTree = "<group>"; };
		C0398E2C1B0DAB5000667215 /* accept.conf */ = {isa = PBXFileReference; lastKnownFileType = file; path = accept.conf; sourceTree = "<group>"; };
		C05089E11BBD599200E30786 /* Tests.xctest */ = {isa = PBXFileReference; explicitFileType = wrapper.cfbundle; includeInIndex = 0; path = Tests.xctest; sourceTree = BUILT_PRODUCTS_DIR; };
		C0A840E01D9E58D7009A3DA5 /* AcceptDemo.entitlements */ = {isa = PBXFileReference; lastKnownFileType = text.plist.entitlements; path = AcceptDemo.entitlements; sourceTree = "<group>"; };
		C0C5D19F1C23022A00FE31AD /* CoreBluetooth.framework */ = {isa = PBXFileReference; lastKnownFileType = wrapper.framework; name = CoreBluetooth.framework; path = System/Library/Frameworks/CoreBluetooth.framework; sourceTree = SDKROOT; };
		C0C5D1AB1C23FA5E00FE31AD /* MapKit.framework */ = {isa = PBXFileReference; lastKnownFileType = wrapper.framework; name = MapKit.framework; path = System/Library/Frameworks/MapKit.framework; sourceTree = SDKROOT; };
		C0C5D1B11C23FBDF00FE31AD /* Accelerate.framework */ = {isa = PBXFileReference; lastKnownFileType = wrapper.framework; name = Accelerate.framework; path = System/Library/Frameworks/Accelerate.framework; sourceTree = SDKROOT; };
		C0C63FFC1AE9321D007A6D1A /* AppDelegate.h */ = {isa = PBXFileReference; fileEncoding = 4; lastKnownFileType = sourcecode.c.h; path = AppDelegate.h; sourceTree = "<group>"; };
		C0C63FFD1AE9321D007A6D1A /* AppDelegate.m */ = {isa = PBXFileReference; fileEncoding = 4; lastKnownFileType = sourcecode.c.objc; path = AppDelegate.m; sourceTree = "<group>"; };
		C0C63FFF1AE9321D007A6D1A /* Base */ = {isa = PBXFileReference; lastKnownFileType = file.xib; name = Base; path = Base.lproj/LaunchScreen.xib; sourceTree = "<group>"; };
		C0C640011AE9321D007A6D1A /* Base */ = {isa = PBXFileReference; lastKnownFileType = file.storyboard; name = Base; path = Base.lproj/Main.storyboard; sourceTree = "<group>"; };
		C0C640021AE9321D007A6D1A /* Icon.png */ = {isa = PBXFileReference; lastKnownFileType = image.png; path = Icon.png; sourceTree = "<group>"; };
		C0C640031AE9321D007A6D1A /* Icon@2x.png */ = {isa = PBXFileReference; lastKnownFileType = image.png; path = "Icon@2x.png"; sourceTree = "<group>"; };
		C0C640041AE9321D007A6D1A /* Images.xcassets */ = {isa = PBXFileReference; lastKnownFileType = folder.assetcatalog; path = Images.xcassets; sourceTree = "<group>"; };
		C0C640191AE9321D007A6D1A /* Info.plist */ = {isa = PBXFileReference; fileEncoding = 4; lastKnownFileType = text.plist.xml; path = Info.plist; sourceTree = "<group>"; };
		C0C6401A1AE9321D007A6D1A /* logo.png */ = {isa = PBXFileReference; lastKnownFileType = image.png; path = logo.png; sourceTree = "<group>"; };
		C0C6401B1AE9321D007A6D1A /* main.m */ = {isa = PBXFileReference; fileEncoding = 4; lastKnownFileType = sourcecode.c.objc; path = main.m; sourceTree = "<group>"; };
		C0C6401C1AE9321D007A6D1A /* PaymentViewController.h */ = {isa = PBXFileReference; fileEncoding = 4; lastKnownFileType = sourcecode.c.h; path = PaymentViewController.h; sourceTree = "<group>"; };
		C0C6401D1AE9321D007A6D1A /* PaymentViewController.m */ = {isa = PBXFileReference; fileEncoding = 4; lastKnownFileType = sourcecode.c.objc; path = PaymentViewController.m; sourceTree = "<group>"; };
		C0C6401E1AE9321D007A6D1A /* RequestViewController.h */ = {isa = PBXFileReference; fileEncoding = 4; lastKnownFileType = sourcecode.c.h; path = RequestViewController.h; sourceTree = "<group>"; };
		C0C6401F1AE9321D007A6D1A /* RequestViewController.m */ = {isa = PBXFileReference; fileEncoding = 4; lastKnownFileType = sourcecode.c.objc; path = RequestViewController.m; sourceTree = "<group>"; };
		C0C640201AE9321D007A6D1A /* signature_sample.png */ = {isa = PBXFileReference; lastKnownFileType = image.png; path = signature_sample.png; sourceTree = "<group>"; };
		C0C640211AE9321D007A6D1A /* UserViewController.h */ = {isa = PBXFileReference; fileEncoding = 4; lastKnownFileType = sourcecode.c.h; path = UserViewController.h; sourceTree = "<group>"; };
		C0C640221AE9321D007A6D1A /* UserViewController.m */ = {isa = PBXFileReference; fileEncoding = 4; lastKnownFileType = sourcecode.c.objc; path = UserViewController.m; sourceTree = "<group>"; };
		C0C640231AE9321D007A6D1A /* Utils.h */ = {isa = PBXFileReference; fileEncoding = 4; lastKnownFileType = sourcecode.c.h; path = Utils.h; sourceTree = "<group>"; };
		C0C640241AE9321D007A6D1A /* Utils.m */ = {isa = PBXFileReference; fileEncoding = 4; lastKnownFileType = sourcecode.c.objc; path = Utils.m; sourceTree = "<group>"; };
		C0C640391AE93287007A6D1A /* AcceptDemo.app */ = {isa = PBXFileReference; explicitFileType = wrapper.application; includeInIndex = 0; path = AcceptDemo.app; sourceTree = BUILT_PRODUCTS_DIR; };
		C0DCB8321C8D768B0080BB07 /* Podfile */ = {isa = PBXFileReference; lastKnownFileType = text; path = Podfile; sourceTree = "<group>"; xcLanguageSpecificationIdentifier = xcode.lang.ruby; };
		C5CC115F2B77F3860D95104D /* libPods-AcceptDemo.a */ = {isa = PBXFileReference; explicitFileType = archive.ar; includeInIndex = 0; path = "libPods-AcceptDemo.a"; sourceTree = BUILT_PRODUCTS_DIR; };
		D979734EB377EE6AAF826E9E /* libPods-Tests.a */ = {isa = PBXFileReference; explicitFileType = archive.ar; includeInIndex = 0; path = "libPods-Tests.a"; sourceTree = BUILT_PRODUCTS_DIR; };
		E89637AD9F52D2F491C44C05 /* Pods-AcceptDemo.debug.xcconfig */ = {isa = PBXFileReference; includeInIndex = 1; lastKnownFileType = text.xcconfig; name = "Pods-AcceptDemo.debug.xcconfig"; path = "Pods/Target Support Files/Pods-AcceptDemo/Pods-AcceptDemo.debug.xcconfig"; sourceTree = "<group>"; };
		F988A58EA92841A8EA262A81 /* LICENSE */ = {isa = PBXFileReference; includeInIndex = 1; lastKnownFileType = text; name = LICENSE; path = ../LICENSE; sourceTree = "<group>"; };
/* End PBXFileReference section */

/* Begin PBXFrameworksBuildPhase section */
		C05089DE1BBD599200E30786 /* Frameworks */ = {
			isa = PBXFrameworksBuildPhase;
			buildActionMask = 2147483647;
			files = (
				C00069B71CC0CC71008AFA15 /* libKissXML.a in Frameworks */,
				C00069B81CC0CC71008AFA15 /* libZipArchive.a in Frameworks */,
				C00069B41CC0CC71008AFA15 /* libPods-AcceptDemo.a in Frameworks */,
				F928E08ADBB47DCA82BFC681 /* libPods-Tests.a in Frameworks */,
			);
			runOnlyForDeploymentPostprocessing = 0;
		};
		C0C640361AE93287007A6D1A /* Frameworks */ = {
			isa = PBXFrameworksBuildPhase;
			buildActionMask = 2147483647;
			files = (
				5D8C3E1E1C7743BF000671E8 /* libxml2.tbd in Frameworks */,
				B3A65406B0037D077590FA1F /* libPods-AcceptDemo.a in Frameworks */,
			);
			runOnlyForDeploymentPostprocessing = 0;
		};
/* End PBXFrameworksBuildPhase section */

/* Begin PBXGroup section */
		6003F581195388D10070C39A = {
			isa = PBXGroup;
			children = (
				C0DCB8321C8D768B0080BB07 /* Podfile */,
				C0398E2B1B0DAB5000667215 /* EncryptedResources */,
				C0C63FFB1AE9321D007A6D1A /* AcceptDemo */,
				60FF7A9C1954A5C5007DD14C /* Podspec Metadata */,
				6003F5B5195388D20070C39A /* Tests */,
				6003F58C195388D20070C39A /* Frameworks */,
				6003F58B195388D20070C39A /* Products */,
				FAB3BA0414953CD1C379611A /* Pods */,
			);
			sourceTree = "<group>";
		};
		6003F58B195388D20070C39A /* Products */ = {
			isa = PBXGroup;
			children = (
				6003F58A195388D20070C39A /* acceptSDK.app */,
				C0C640391AE93287007A6D1A /* AcceptDemo.app */,
				C05089E11BBD599200E30786 /* Tests.xctest */,
			);
			name = Products;
			sourceTree = "<group>";
		};
		6003F58C195388D20070C39A /* Frameworks */ = {
			isa = PBXGroup;
			children = (
				C00069B51CC0CC71008AFA15 /* libKissXML.a */,
				C00069B61CC0CC71008AFA15 /* libZipArchive.a */,
				5D8C3E1D1C7743BF000671E8 /* libxml2.tbd */,
				C0C5D1B11C23FBDF00FE31AD /* Accelerate.framework */,
				C0C5D1AB1C23FA5E00FE31AD /* MapKit.framework */,
				C0C5D19F1C23022A00FE31AD /* CoreBluetooth.framework */,
				6003F58D195388D20070C39A /* Foundation.framework */,
				6003F58F195388D20070C39A /* CoreGraphics.framework */,
				6003F591195388D20070C39A /* UIKit.framework */,
				6003F5AF195388D20070C39A /* XCTest.framework */,
				1791F71B422FFDAF011CE949 /* libPods.a */,
				C5CC115F2B77F3860D95104D /* libPods-AcceptDemo.a */,
				D979734EB377EE6AAF826E9E /* libPods-Tests.a */,
			);
			name = Frameworks;
			sourceTree = "<group>";
		};
		6003F5B5195388D20070C39A /* Tests */ = {
			isa = PBXGroup;
			children = (
				6003F5BB195388D20070C39A /* Tests.m */,
				6003F5B6195388D20070C39A /* Supporting Files */,
			);
			path = Tests;
			sourceTree = "<group>";
		};
		6003F5B6195388D20070C39A /* Supporting Files */ = {
			isa = PBXGroup;
			children = (
				6003F5B7195388D20070C39A /* Tests-Info.plist */,
				6003F5B8195388D20070C39A /* InfoPlist.strings */,
				606FC2411953D9B200FFA9A0 /* Tests-Prefix.pch */,
			);
			name = "Supporting Files";
			sourceTree = "<group>";
		};
		60FF7A9C1954A5C5007DD14C /* Podspec Metadata */ = {
			isa = PBXGroup;
			children = (
				8F9185071A57193311D898BA /* acceptSDK.podspec */,
				0999E315A403CCE798FE5985 /* README.md */,
				F988A58EA92841A8EA262A81 /* LICENSE */,
			);
			name = "Podspec Metadata";
			sourceTree = "<group>";
		};
		C0398E2B1B0DAB5000667215 /* EncryptedResources */ = {
			isa = PBXGroup;
			children = (
				C0398E2C1B0DAB5000667215 /* accept.conf */,
			);
			path = EncryptedResources;
			sourceTree = "<group>";
		};
		C0C63FFB1AE9321D007A6D1A /* AcceptDemo */ = {
			isa = PBXGroup;
			children = (
				C0A840E01D9E58D7009A3DA5 /* AcceptDemo.entitlements */,
				5D2E8FF71C89C9C80062A2F2 /* fakereceipt.png */,
				C0C63FFC1AE9321D007A6D1A /* AppDelegate.h */,
				C0C63FFD1AE9321D007A6D1A /* AppDelegate.m */,
				C0C63FFE1AE9321D007A6D1A /* LaunchScreen.xib */,
				C0C640001AE9321D007A6D1A /* Main.storyboard */,
				C0C640021AE9321D007A6D1A /* Icon.png */,
				75AF73EC1D75BAA800E1715E /* BarCodeScannerIOS.h */,
				75AF73ED1D75BAA800E1715E /* BarCodeScannerIOS.m */,
				C0C640031AE9321D007A6D1A /* Icon@2x.png */,
				C0C640041AE9321D007A6D1A /* Images.xcassets */,
				C0C640191AE9321D007A6D1A /* Info.plist */,
				C0C6401A1AE9321D007A6D1A /* logo.png */,
				C0C6401B1AE9321D007A6D1A /* main.m */,
				C0C6401C1AE9321D007A6D1A /* PaymentViewController.h */,
				C0C6401D1AE9321D007A6D1A /* PaymentViewController.m */,
				C0C6401E1AE9321D007A6D1A /* RequestViewController.h */,
				C0C6401F1AE9321D007A6D1A /* RequestViewController.m */,
				C0C640201AE9321D007A6D1A /* signature_sample.png */,
				C0C640211AE9321D007A6D1A /* UserViewController.h */,
				C0C640221AE9321D007A6D1A /* UserViewController.m */,
				C0C640231AE9321D007A6D1A /* Utils.h */,
				C0C640241AE9321D007A6D1A /* Utils.m */,
			);
			path = AcceptDemo;
			sourceTree = "<group>";
		};
		FAB3BA0414953CD1C379611A /* Pods */ = {
			isa = PBXGroup;
			children = (
				E89637AD9F52D2F491C44C05 /* Pods-AcceptDemo.debug.xcconfig */,
				4B555BE22EF2608AA76245EE /* Pods-AcceptDemo.release.xcconfig */,
				B97903831D5852EEEDBECFC6 /* Pods-Tests.debug.xcconfig */,
				53FD9A139980ECD2DCC95B76 /* Pods-Tests.release.xcconfig */,
			);
			name = Pods;
			sourceTree = "<group>";
		};
/* End PBXGroup section */

/* Begin PBXNativeTarget section */
		C05089E01BBD599200E30786 /* Tests */ = {
			isa = PBXNativeTarget;
			buildConfigurationList = C05089EA1BBD599200E30786 /* Build configuration list for PBXNativeTarget "Tests" */;
			buildPhases = (
				CEA9BE848934649E8341353E /* [CP] Check Pods Manifest.lock */,
				C05089DD1BBD599200E30786 /* Sources */,
				C05089DE1BBD599200E30786 /* Frameworks */,
				C05089DF1BBD599200E30786 /* Resources */,
				80BB61B17976C5CEC4447DDC /* [CP] Copy Pods Resources */,
				70CED9606C59A75AD980DF93 /* [CP] Embed Pods Frameworks */,
			);
			buildRules = (
			);
			dependencies = (
				C05089E71BBD599200E30786 /* PBXTargetDependency */,
			);
			name = Tests;
			productName = AcceptDemoTests;
			productReference = C05089E11BBD599200E30786 /* Tests.xctest */;
			productType = "com.apple.product-type.bundle.unit-test";
		};
		C0C640381AE93287007A6D1A /* AcceptDemo */ = {
			isa = PBXNativeTarget;
			buildConfigurationList = C0C6405C1AE93287007A6D1A /* Build configuration list for PBXNativeTarget "AcceptDemo" */;
			buildPhases = (
				EC77D4AD17F12111407FE455 /* [CP] Check Pods Manifest.lock */,
				C0C640351AE93287007A6D1A /* Sources */,
				C0C640361AE93287007A6D1A /* Frameworks */,
				C0C640371AE93287007A6D1A /* Resources */,
				AE965E728AF27F4B6E71B8C3 /* [CP] Copy Pods Resources */,
				C82D4ABC4C65C7A4802B24B9 /* [CP] Embed Pods Frameworks */,
			);
			buildRules = (
			);
			dependencies = (
			);
			name = AcceptDemo;
			productName = "Accept-Demo";
			productReference = C0C640391AE93287007A6D1A /* AcceptDemo.app */;
			productType = "com.apple.product-type.application";
		};
/* End PBXNativeTarget section */

/* Begin PBXProject section */
		6003F582195388D10070C39A /* Project object */ = {
			isa = PBXProject;
			attributes = {
				CLASSPREFIX = Accept;
				LastUpgradeCheck = 0800;
				ORGANIZATIONNAME = radoslav.danko;
				TargetAttributes = {
					C05089E01BBD599200E30786 = {
						CreatedOnToolsVersion = 7.0;
						DevelopmentTeam = Y9GYNDA2G3;
						ProvisioningStyle = Automatic;
						TestTargetID = C0C640381AE93287007A6D1A;
					};
					C0C640381AE93287007A6D1A = {
						CreatedOnToolsVersion = 6.2;
						DevelopmentTeam = Y9GYNDA2G3;
						SystemCapabilities = {
							com.apple.Keychain = {
								enabled = 1;
							};
							com.apple.WAC = {
								enabled = 0;
							};
						};
					};
				};
			};
			buildConfigurationList = 6003F585195388D10070C39A /* Build configuration list for PBXProject "acceptSDK" */;
			compatibilityVersion = "Xcode 3.2";
			developmentRegion = English;
			hasScannedForEncodings = 0;
			knownRegions = (
				en,
				Base,
			);
			mainGroup = 6003F581195388D10070C39A;
			productRefGroup = 6003F58B195388D20070C39A /* Products */;
			projectDirPath = "";
			projectRoot = "";
			targets = (
				C0C640381AE93287007A6D1A /* AcceptDemo */,
				C05089E01BBD599200E30786 /* Tests */,
			);
		};
/* End PBXProject section */

/* Begin PBXResourcesBuildPhase section */
		C05089DF1BBD599200E30786 /* Resources */ = {
			isa = PBXResourcesBuildPhase;
			buildActionMask = 2147483647;
			files = (
			);
			runOnlyForDeploymentPostprocessing = 0;
		};
		C0C640371AE93287007A6D1A /* Resources */ = {
			isa = PBXResourcesBuildPhase;
			buildActionMask = 2147483647;
			files = (
				C035518B1AEA3A0D001AB769 /* LaunchScreen.xib in Resources */,
				C035518C1AEA3A0D001AB769 /* Main.storyboard in Resources */,
				5D2E8FF81C89C9C80062A2F2 /* fakereceipt.png in Resources */,
				C035518D1AEA3A0D001AB769 /* Images.xcassets in Resources */,
				C0398E2D1B0DAB5000667215 /* accept.conf in Resources */,
				C035518E1AEA3A0D001AB769 /* logo.png in Resources */,
				C035518F1AEA3A0D001AB769 /* signature_sample.png in Resources */,
			);
			runOnlyForDeploymentPostprocessing = 0;
		};
/* End PBXResourcesBuildPhase section */

/* Begin PBXShellScriptBuildPhase section */
		70CED9606C59A75AD980DF93 /* [CP] Embed Pods Frameworks */ = {
			isa = PBXShellScriptBuildPhase;
			buildActionMask = 2147483647;
			files = (
			);
			inputPaths = (
			);
			name = "[CP] Embed Pods Frameworks";
			outputPaths = (
			);
			runOnlyForDeploymentPostprocessing = 0;
			shellPath = /bin/sh;
			shellScript = "\"${SRCROOT}/Pods/Target Support Files/Pods-Tests/Pods-Tests-frameworks.sh\"\n";
			showEnvVarsInLog = 0;
		};
		80BB61B17976C5CEC4447DDC /* [CP] Copy Pods Resources */ = {
			isa = PBXShellScriptBuildPhase;
			buildActionMask = 2147483647;
			files = (
			);
			inputPaths = (
			);
			name = "[CP] Copy Pods Resources";
			outputPaths = (
			);
			runOnlyForDeploymentPostprocessing = 0;
			shellPath = /bin/sh;
			shellScript = "\"${SRCROOT}/Pods/Target Support Files/Pods-Tests/Pods-Tests-resources.sh\"\n";
			showEnvVarsInLog = 0;
		};
		AE965E728AF27F4B6E71B8C3 /* [CP] Copy Pods Resources */ = {
			isa = PBXShellScriptBuildPhase;
			buildActionMask = 2147483647;
			files = (
			);
			inputPaths = (
			);
			name = "[CP] Copy Pods Resources";
			outputPaths = (
			);
			runOnlyForDeploymentPostprocessing = 0;
			shellPath = /bin/sh;
			shellScript = "\"${SRCROOT}/Pods/Target Support Files/Pods-AcceptDemo/Pods-AcceptDemo-resources.sh\"\n";
			showEnvVarsInLog = 0;
		};
		C82D4ABC4C65C7A4802B24B9 /* [CP] Embed Pods Frameworks */ = {
			isa = PBXShellScriptBuildPhase;
			buildActionMask = 2147483647;
			files = (
			);
			inputPaths = (
			);
			name = "[CP] Embed Pods Frameworks";
			outputPaths = (
			);
			runOnlyForDeploymentPostprocessing = 0;
			shellPath = /bin/sh;
			shellScript = "\"${SRCROOT}/Pods/Target Support Files/Pods-AcceptDemo/Pods-AcceptDemo-frameworks.sh\"\n";
			showEnvVarsInLog = 0;
		};
		CEA9BE848934649E8341353E /* [CP] Check Pods Manifest.lock */ = {
			isa = PBXShellScriptBuildPhase;
			buildActionMask = 2147483647;
			files = (
			);
			inputPaths = (
			);
			name = "[CP] Check Pods Manifest.lock";
			outputPaths = (
			);
			runOnlyForDeploymentPostprocessing = 0;
			shellPath = /bin/sh;
			shellScript = "diff \"${PODS_ROOT}/../Podfile.lock\" \"${PODS_ROOT}/Manifest.lock\" > /dev/null\nif [[ $? != 0 ]] ; then\n    cat << EOM\nerror: The sandbox is not in sync with the Podfile.lock. Run 'pod install' or update your CocoaPods installation.\nEOM\n    exit 1\nfi\n";
			showEnvVarsInLog = 0;
		};
		EC77D4AD17F12111407FE455 /* [CP] Check Pods Manifest.lock */ = {
			isa = PBXShellScriptBuildPhase;
			buildActionMask = 2147483647;
			files = (
			);
			inputPaths = (
			);
			name = "[CP] Check Pods Manifest.lock";
			outputPaths = (
			);
			runOnlyForDeploymentPostprocessing = 0;
			shellPath = /bin/sh;
			shellScript = "diff \"${PODS_ROOT}/../Podfile.lock\" \"${PODS_ROOT}/Manifest.lock\" > /dev/null\nif [[ $? != 0 ]] ; then\n    cat << EOM\nerror: The sandbox is not in sync with the Podfile.lock. Run 'pod install' or update your CocoaPods installation.\nEOM\n    exit 1\nfi\n";
			showEnvVarsInLog = 0;
		};
/* End PBXShellScriptBuildPhase section */

/* Begin PBXSourcesBuildPhase section */
		C05089DD1BBD599200E30786 /* Sources */ = {
			isa = PBXSourcesBuildPhase;
			buildActionMask = 2147483647;
			files = (
				C05089EB1BBD5A2E00E30786 /* Tests.m in Sources */,
			);
			runOnlyForDeploymentPostprocessing = 0;
		};
		C0C640351AE93287007A6D1A /* Sources */ = {
			isa = PBXSourcesBuildPhase;
			buildActionMask = 2147483647;
			files = (
				C05A1CC31AEA2E540022CC34 /* PaymentViewController.m in Sources */,
				C05A1CC51AEA2E540022CC34 /* UserViewController.m in Sources */,
				C05A1CC21AEA2E540022CC34 /* main.m in Sources */,
				C05A1CC61AEA2E540022CC34 /* Utils.m in Sources */,
				C05A1CC41AEA2E540022CC34 /* RequestViewController.m in Sources */,
				C05A1CC11AEA2E540022CC34 /* AppDelegate.m in Sources */,
				75AF73EE1D75BAA800E1715E /* BarCodeScannerIOS.m in Sources */,
			);
			runOnlyForDeploymentPostprocessing = 0;
		};
/* End PBXSourcesBuildPhase section */

/* Begin PBXTargetDependency section */
		C05089E71BBD599200E30786 /* PBXTargetDependency */ = {
			isa = PBXTargetDependency;
			target = C0C640381AE93287007A6D1A /* AcceptDemo */;
			targetProxy = C05089E61BBD599200E30786 /* PBXContainerItemProxy */;
		};
/* End PBXTargetDependency section */

/* Begin PBXVariantGroup section */
		6003F5B8195388D20070C39A /* InfoPlist.strings */ = {
			isa = PBXVariantGroup;
			children = (
				6003F5B9195388D20070C39A /* en */,
			);
			name = InfoPlist.strings;
			sourceTree = "<group>";
		};
		C0C63FFE1AE9321D007A6D1A /* LaunchScreen.xib */ = {
			isa = PBXVariantGroup;
			children = (
				C0C63FFF1AE9321D007A6D1A /* Base */,
			);
			name = LaunchScreen.xib;
			sourceTree = "<group>";
		};
		C0C640001AE9321D007A6D1A /* Main.storyboard */ = {
			isa = PBXVariantGroup;
			children = (
				C0C640011AE9321D007A6D1A /* Base */,
			);
			name = Main.storyboard;
			sourceTree = "<group>";
		};
/* End PBXVariantGroup section */

/* Begin XCBuildConfiguration section */
		6003F5BD195388D20070C39A /* Debug */ = {
			isa = XCBuildConfiguration;
			buildSettings = {
				ALWAYS_SEARCH_USER_PATHS = NO;
				CLANG_CXX_LANGUAGE_STANDARD = "gnu++0x";
				CLANG_CXX_LIBRARY = "libc++";
				CLANG_ENABLE_MODULES = YES;
				CLANG_ENABLE_OBJC_ARC = YES;
				CLANG_WARN_BOOL_CONVERSION = YES;
				CLANG_WARN_CONSTANT_CONVERSION = YES;
				CLANG_WARN_DIRECT_OBJC_ISA_USAGE = YES_ERROR;
				CLANG_WARN_EMPTY_BODY = YES;
				CLANG_WARN_ENUM_CONVERSION = YES;
				CLANG_WARN_INFINITE_RECURSION = YES;
				CLANG_WARN_INT_CONVERSION = YES;
				CLANG_WARN_OBJC_ROOT_CLASS = YES_ERROR;
				CLANG_WARN_SUSPICIOUS_MOVE = YES;
				CLANG_WARN_UNREACHABLE_CODE = YES;
				CLANG_WARN__DUPLICATE_METHOD_MATCH = YES;
				"CODE_SIGN_IDENTITY[sdk=iphoneos*]" = "iPhone Developer";
				COPY_PHASE_STRIP = NO;
				ENABLE_STRICT_OBJC_MSGSEND = YES;
				ENABLE_TESTABILITY = YES;
				GCC_C_LANGUAGE_STANDARD = gnu99;
				GCC_DYNAMIC_NO_PIC = NO;
				GCC_NO_COMMON_BLOCKS = YES;
				GCC_OPTIMIZATION_LEVEL = 0;
				GCC_PREPROCESSOR_DEFINITIONS = (
					"DEBUG=1",
					"$(inherited)",
				);
				GCC_SYMBOLS_PRIVATE_EXTERN = NO;
				GCC_WARN_64_TO_32_BIT_CONVERSION = YES;
				GCC_WARN_ABOUT_RETURN_TYPE = YES_ERROR;
				GCC_WARN_UNDECLARED_SELECTOR = YES;
				GCC_WARN_UNINITIALIZED_AUTOS = YES_AGGRESSIVE;
				GCC_WARN_UNUSED_FUNCTION = YES;
				GCC_WARN_UNUSED_VARIABLE = YES;
				IPHONEOS_DEPLOYMENT_TARGET = 8.0;
				ONLY_ACTIVE_ARCH = YES;
				PROVISIONING_PROFILE = "420ade76-40ca-47ce-ba41-3d03c0ed2f4a";
				SDKROOT = iphoneos;
				TARGETED_DEVICE_FAMILY = "1,2";
			};
			name = Debug;
		};
		6003F5BE195388D20070C39A /* Release */ = {
			isa = XCBuildConfiguration;
			buildSettings = {
				ALWAYS_SEARCH_USER_PATHS = NO;
				CLANG_CXX_LANGUAGE_STANDARD = "gnu++0x";
				CLANG_CXX_LIBRARY = "libc++";
				CLANG_ENABLE_MODULES = YES;
				CLANG_ENABLE_OBJC_ARC = YES;
				CLANG_WARN_BOOL_CONVERSION = YES;
				CLANG_WARN_CONSTANT_CONVERSION = YES;
				CLANG_WARN_DIRECT_OBJC_ISA_USAGE = YES_ERROR;
				CLANG_WARN_EMPTY_BODY = YES;
				CLANG_WARN_ENUM_CONVERSION = YES;
				CLANG_WARN_INFINITE_RECURSION = YES;
				CLANG_WARN_INT_CONVERSION = YES;
				CLANG_WARN_OBJC_ROOT_CLASS = YES_ERROR;
				CLANG_WARN_SUSPICIOUS_MOVE = YES;
				CLANG_WARN_UNREACHABLE_CODE = YES;
				CLANG_WARN__DUPLICATE_METHOD_MATCH = YES;
				"CODE_SIGN_IDENTITY[sdk=iphoneos*]" = "iPhone Developer";
				COPY_PHASE_STRIP = YES;
				ENABLE_NS_ASSERTIONS = NO;
				ENABLE_STRICT_OBJC_MSGSEND = YES;
				GCC_C_LANGUAGE_STANDARD = gnu99;
				GCC_NO_COMMON_BLOCKS = YES;
				GCC_WARN_64_TO_32_BIT_CONVERSION = YES;
				GCC_WARN_ABOUT_RETURN_TYPE = YES_ERROR;
				GCC_WARN_UNDECLARED_SELECTOR = YES;
				GCC_WARN_UNINITIALIZED_AUTOS = YES_AGGRESSIVE;
				GCC_WARN_UNUSED_FUNCTION = YES;
				GCC_WARN_UNUSED_VARIABLE = YES;
				IPHONEOS_DEPLOYMENT_TARGET = 8.0;
				PROVISIONING_PROFILE = "420ade76-40ca-47ce-ba41-3d03c0ed2f4a";
				SDKROOT = iphoneos;
				TARGETED_DEVICE_FAMILY = "1,2";
				VALIDATE_PRODUCT = YES;
			};
			name = Release;
		};
		C05089E81BBD599200E30786 /* Debug */ = {
			isa = XCBuildConfiguration;
			baseConfigurationReference = B97903831D5852EEEDBECFC6 /* Pods-Tests.debug.xcconfig */;
			buildSettings = {
				ALWAYS_SEARCH_USER_PATHS = YES;
				BUNDLE_LOADER = "$(TEST_HOST)";
				CLANG_WARN_UNREACHABLE_CODE = YES;
				CODE_SIGN_IDENTITY = "iPhone Developer";
				"CODE_SIGN_IDENTITY[sdk=iphoneos*]" = "iPhone Developer";
				DEBUG_INFORMATION_FORMAT = "dwarf-with-dsym";
				DEVELOPMENT_TEAM = Y9GYNDA2G3;
				ENABLE_STRICT_OBJC_MSGSEND = YES;
				ENABLE_TESTABILITY = NO;
				GCC_NO_COMMON_BLOCKS = YES;
				INFOPLIST_FILE = "Tests/Tests-Info.plist";
				IPHONEOS_DEPLOYMENT_TARGET = 9.0;
				LD_RUNPATH_SEARCH_PATHS = "$(inherited) @executable_path/Frameworks @loader_path/Frameworks";
				MTL_ENABLE_DEBUG_INFO = YES;
				PRODUCT_BUNDLE_IDENTIFIER = "org.cocoapods.demo.${PRODUCT_NAME:rfc1034identifier}";
				PRODUCT_NAME = "$(TARGET_NAME)";
				TEST_HOST = "$(BUILT_PRODUCTS_DIR)/AcceptDemo.app/AcceptDemo";
			};
			name = Debug;
		};
		C05089E91BBD599200E30786 /* Release */ = {
			isa = XCBuildConfiguration;
			baseConfigurationReference = 53FD9A139980ECD2DCC95B76 /* Pods-Tests.release.xcconfig */;
			buildSettings = {
				ALWAYS_SEARCH_USER_PATHS = YES;
				BUNDLE_LOADER = "$(TEST_HOST)";
				CLANG_WARN_UNREACHABLE_CODE = YES;
				CODE_SIGN_IDENTITY = "iPhone Distribution";
				"CODE_SIGN_IDENTITY[sdk=iphoneos*]" = "iPhone Developer";
				COPY_PHASE_STRIP = YES;
				DEBUG_INFORMATION_FORMAT = "dwarf-with-dsym";
				DEVELOPMENT_TEAM = Y9GYNDA2G3;
				ENABLE_STRICT_OBJC_MSGSEND = YES;
				ENABLE_TESTABILITY = NO;
				GCC_NO_COMMON_BLOCKS = YES;
				INFOPLIST_FILE = "Tests/Tests-Info.plist";
				IPHONEOS_DEPLOYMENT_TARGET = 9.0;
				LD_RUNPATH_SEARCH_PATHS = "$(inherited) @executable_path/Frameworks @loader_path/Frameworks";
				MTL_ENABLE_DEBUG_INFO = NO;
				PRODUCT_BUNDLE_IDENTIFIER = "org.cocoapods.demo.${PRODUCT_NAME:rfc1034identifier}";
				PRODUCT_NAME = "$(TARGET_NAME)";
				TEST_HOST = "$(BUILT_PRODUCTS_DIR)/AcceptDemo.app/AcceptDemo";
			};
			name = Release;
		};
		C0C6405D1AE93287007A6D1A /* Debug */ = {
			isa = XCBuildConfiguration;
			baseConfigurationReference = E89637AD9F52D2F491C44C05 /* Pods-AcceptDemo.debug.xcconfig */;
			buildSettings = {
				ALWAYS_SEARCH_USER_PATHS = YES;
				ASSETCATALOG_COMPILER_APPICON_NAME = AppIcon;
				CLANG_WARN_UNREACHABLE_CODE = YES;
				CODE_SIGN_ENTITLEMENTS = AcceptDemo/AcceptDemo.entitlements;
				CODE_SIGN_IDENTITY = "iPhone Developer";
				"CODE_SIGN_IDENTITY[sdk=iphoneos*]" = "iPhone Developer";
				DEVELOPMENT_TEAM = Y9GYNDA2G3;
				ENABLE_BITCODE = NO;
				ENABLE_STRICT_OBJC_MSGSEND = YES;
				FRAMEWORK_SEARCH_PATHS = (
					"$(inherited)",
					"$(PROJECT_DIR)",
				);
				GCC_PREPROCESSOR_DEFINITIONS = (
					"DEBUG=1",
					"$(inherited)",
					"DEV_MODE_ENABLED=1",
				);
				INFOPLIST_FILE = AcceptDemo/Info.plist;
				IPHONEOS_DEPLOYMENT_TARGET = 8.0;
				LD_RUNPATH_SEARCH_PATHS = "$(inherited) @executable_path/Frameworks";
				LIBRARY_SEARCH_PATHS = (
					"$(inherited)",
					"$(PROJECT_DIR)",
				);
				MTL_ENABLE_DEBUG_INFO = YES;
				PRODUCT_BUNDLE_IDENTIFIER = "de.wirecard.whitelabel.$(PRODUCT_NAME:rfc1034identifier)";
				PRODUCT_NAME = "$(TARGET_NAME)";
				PROVISIONING_PROFILE = "56047aec-6917-4d2c-ab25-a620884c7054";
				PROVISIONING_PROFILE_SPECIFIER = "WCD Wildcard";
				TARGETED_DEVICE_FAMILY = "1,2";
			};
			name = Debug;
		};
		C0C6405E1AE93287007A6D1A /* Release */ = {
			isa = XCBuildConfiguration;
			baseConfigurationReference = 4B555BE22EF2608AA76245EE /* Pods-AcceptDemo.release.xcconfig */;
			buildSettings = {
				ALWAYS_SEARCH_USER_PATHS = YES;
				ASSETCATALOG_COMPILER_APPICON_NAME = AppIcon;
				CLANG_WARN_UNREACHABLE_CODE = YES;
				CODE_SIGN_ENTITLEMENTS = AcceptDemo/AcceptDemo.entitlements;
				CODE_SIGN_IDENTITY = "iPhone Developer";
				"CODE_SIGN_IDENTITY[sdk=iphoneos*]" = "iPhone Distribution";
				COPY_PHASE_STRIP = NO;
				DEVELOPMENT_TEAM = Y9GYNDA2G3;
				ENABLE_BITCODE = NO;
				ENABLE_STRICT_OBJC_MSGSEND = YES;
				FRAMEWORK_SEARCH_PATHS = (
					"$(inherited)",
					"$(PROJECT_DIR)",
				);
				GCC_PREPROCESSOR_DEFINITIONS = (
					"$(inherited)",
					"COCOAPODS=1",
					"DEV_MODE_ENABLED=1",
				);
				INFOPLIST_FILE = AcceptDemo/Info.plist;
				IPHONEOS_DEPLOYMENT_TARGET = 8.0;
				LD_RUNPATH_SEARCH_PATHS = "$(inherited) @executable_path/Frameworks";
				LIBRARY_SEARCH_PATHS = (
					"$(inherited)",
					"$(PROJECT_DIR)",
				);
				MTL_ENABLE_DEBUG_INFO = NO;
				PRODUCT_BUNDLE_IDENTIFIER = "de.wirecard.whitelabel.$(PRODUCT_NAME:rfc1034identifier)";
				PRODUCT_NAME = "$(TARGET_NAME)";
				PROVISIONING_PROFILE = "72ec000c-96f9-4ebc-a830-c855d95da85c";
				PROVISIONING_PROFILE_SPECIFIER = "WhiteLabel wildcard";
				TARGETED_DEVICE_FAMILY = "1,2";
			};
			name = Release;
		};
/* End XCBuildConfiguration section */

/* Begin XCConfigurationList section */
		6003F585195388D10070C39A /* Build configuration list for PBXProject "acceptSDK" */ = {
			isa = XCConfigurationList;
			buildConfigurations = (
				6003F5BD195388D20070C39A /* Debug */,
				6003F5BE195388D20070C39A /* Release */,
			);
			defaultConfigurationIsVisible = 0;
			defaultConfigurationName = Release;
		};
		C05089EA1BBD599200E30786 /* Build configuration list for PBXNativeTarget "Tests" */ = {
			isa = XCConfigurationList;
			buildConfigurations = (
				C05089E81BBD599200E30786 /* Debug */,
				C05089E91BBD599200E30786 /* Release */,
			);
			defaultConfigurationIsVisible = 0;
			defaultConfigurationName = Release;
		};
		C0C6405C1AE93287007A6D1A /* Build configuration list for PBXNativeTarget "AcceptDemo" */ = {
			isa = XCConfigurationList;
			buildConfigurations = (
				C0C6405D1AE93287007A6D1A /* Debug */,
				C0C6405E1AE93287007A6D1A /* Release */,
			);
			defaultConfigurationIsVisible = 0;
			defaultConfigurationName = Release;
		};
/* End XCConfigurationList section */
	};
	rootObject = 6003F582195388D10070C39A /* Project object */;
}
